# THIS IS AN AUTOGENERATED FILE. DO NOT EDIT THIS FILE DIRECTLY.
# yarn lockfile v1


"@babel/helper-validator-identifier@^7.10.4":
  version "7.10.4"
  resolved "https://registry.yarnpkg.com/@babel/helper-validator-identifier/-/helper-validator-identifier-7.10.4.tgz#a78c7a7251e01f616512d31b10adcf52ada5e0d2"
  integrity sha512-3U9y+43hz7ZM+rzG24Qe2mufW5KhvFg/NhnNph+i9mgCtdTCtMJuI1TMkrIUiK7Ix4PYlRF9I5dhqaLYA/ADXw==

"@babel/parser@^7.1.0":
  version "7.12.7"
  resolved "https://registry.yarnpkg.com/@babel/parser/-/parser-7.12.7.tgz#fee7b39fe809d0e73e5b25eecaf5780ef3d73056"
  integrity sha512-oWR02Ubp4xTLCAqPRiNIuMVgNO5Aif/xpXtabhzW2HWUD47XJsAB4Zd/Rg30+XeQA3juXigV7hlquOTmwqLiwg==

"@babel/types@^7.0.0", "@babel/types@^7.3.0":
  version "7.12.7"
  resolved "https://registry.yarnpkg.com/@babel/types/-/types-7.12.7.tgz#6039ff1e242640a29452c9ae572162ec9a8f5d13"
  integrity sha512-MNyI92qZq6jrQkXvtIiykvl4WtoRrVV9MPn+ZfsoEENjiWcBQ3ZSHrkxnJWgWtLX3XXqX5hrSQ+X69wkmesXuQ==
  dependencies:
    "@babel/helper-validator-identifier" "^7.10.4"
    lodash "^4.17.19"
    to-fast-properties "^2.0.0"

"@nuxt/types@^2.14.7":
  version "2.14.11"
  resolved "https://registry.yarnpkg.com/@nuxt/types/-/types-2.14.11.tgz#3b22e1370874886027796ddd24721a6996c487b6"
  integrity sha512-4lzihr0OjtD4fNFmDwpRXhx3NMXzzgjm+L6oCUIshFc08leA1Ty3se6gq5wk4eGK/WNhj08so6vBZ5o1kYS2QA==
  dependencies:
    "@types/autoprefixer" "^9.7.2"
    "@types/babel__core" "^7.1.12"
    "@types/compression" "^1.7.0"
    "@types/connect" "^3.4.33"
    "@types/etag" "^1.8.0"
    "@types/file-loader" "^4.2.0"
    "@types/html-minifier" "^4.0.0"
    "@types/less" "^3.0.1"
    "@types/node" "^12.19.8"
    "@types/node-sass" "^4.11.1"
    "@types/optimize-css-assets-webpack-plugin" "^5.0.1"
    "@types/pug" "^2.0.4"
    "@types/serve-static" "^1.13.8"
    "@types/terser-webpack-plugin" "^2.2.0"
    "@types/webpack" "^4.41.25"
    "@types/webpack-bundle-analyzer" "^3.9.0"
    "@types/webpack-dev-middleware" "^3.7.2"
    "@types/webpack-hot-middleware" "^2.25.3"

"@types/anymatch@*":
  version "1.3.1"
  resolved "https://registry.yarnpkg.com/@types/anymatch/-/anymatch-1.3.1.tgz#336badc1beecb9dacc38bea2cf32adf627a8421a"
  integrity sha512-/+CRPXpBDpo2RK9C68N3b2cOvO0Cf5B9aPijHsoDQTHivnGSObdOF2BRQOYjojWTDy6nQvMjmqRXIxH55VjxxA==

"@types/autoprefixer@^9.7.2":
  version "9.7.2"
  resolved "https://registry.yarnpkg.com/@types/autoprefixer/-/autoprefixer-9.7.2.tgz#64b3251c9675feef5a631b7dd34cfea50a8fdbcc"
  integrity sha512-QX7U7YW3zX3ex6MECtWO9folTGsXeP4b8bSjTq3I1ODM+H+sFHwGKuof+T+qBcDClGlCGtDb3SVfiTVfmcxw4g==
  dependencies:
    "@types/browserslist" "*"
    postcss "7.x.x"

"@types/babel__core@^7.1.12":
  version "7.1.12"
  resolved "https://registry.yarnpkg.com/@types/babel__core/-/babel__core-7.1.12.tgz#4d8e9e51eb265552a7e4f1ff2219ab6133bdfb2d"
  integrity sha512-wMTHiiTiBAAPebqaPiPDLFA4LYPKr6Ph0Xq/6rq1Ur3v66HXyG+clfR9CNETkD7MQS8ZHvpQOtA53DLws5WAEQ==
  dependencies:
    "@babel/parser" "^7.1.0"
    "@babel/types" "^7.0.0"
    "@types/babel__generator" "*"
    "@types/babel__template" "*"
    "@types/babel__traverse" "*"

"@types/babel__generator@*":
  version "7.6.2"
  resolved "https://registry.yarnpkg.com/@types/babel__generator/-/babel__generator-7.6.2.tgz#f3d71178e187858f7c45e30380f8f1b7415a12d8"
  integrity sha512-MdSJnBjl+bdwkLskZ3NGFp9YcXGx5ggLpQQPqtgakVhsWK0hTtNYhjpZLlWQTviGTvF8at+Bvli3jV7faPdgeQ==
  dependencies:
    "@babel/types" "^7.0.0"

"@types/babel__template@*":
  version "7.4.0"
  resolved "https://registry.yarnpkg.com/@types/babel__template/-/babel__template-7.4.0.tgz#0c888dd70b3ee9eebb6e4f200e809da0076262be"
  integrity sha512-NTPErx4/FiPCGScH7foPyr+/1Dkzkni+rHiYHHoTjvwou7AQzJkNeD60A9CXRy+ZEN2B1bggmkTMCDb+Mv5k+A==
  dependencies:
    "@babel/parser" "^7.1.0"
    "@babel/types" "^7.0.0"

"@types/babel__traverse@*":
  version "7.0.16"
  resolved "https://registry.yarnpkg.com/@types/babel__traverse/-/babel__traverse-7.0.16.tgz#0bbbf70c7bc4193210dd27e252c51260a37cd6a7"
  integrity sha512-S63Dt4CZOkuTmpLGGWtT/mQdVORJOpx6SZWGVaP56dda/0Nx5nEe82K7/LAm8zYr6SfMq+1N2OreIOrHAx656w==
  dependencies:
    "@babel/types" "^7.3.0"

"@types/body-parser@*":
  version "1.19.0"
  resolved "https://registry.yarnpkg.com/@types/body-parser/-/body-parser-1.19.0.tgz#0685b3c47eb3006ffed117cdd55164b61f80538f"
  integrity sha512-W98JrE0j2K78swW4ukqMleo8R7h/pFETjM2DQ90MF6XK2i4LO4W3gQ71Lt4w3bfm2EvVSyWHplECvB5sK22yFQ==
  dependencies:
    "@types/connect" "*"
    "@types/node" "*"

"@types/browserslist@*":
  version "4.8.0"
  resolved "https://registry.yarnpkg.com/@types/browserslist/-/browserslist-4.8.0.tgz#60489aefdf0fcb56c2d8eb65267ff08dad7a526d"
  integrity sha512-4PyO9OM08APvxxo1NmQyQKlJdowPCOQIy5D/NLO3aO0vGC57wsMptvGp3b8IbYnupFZr92l1dlVief1JvS6STQ==

"@types/clean-css@*":
  version "4.2.2"
  resolved "https://registry.yarnpkg.com/@types/clean-css/-/clean-css-4.2.2.tgz#99fd79f6939c2b325938a1c569712e07dd97d709"
  integrity sha512-xiTJn3bmDh1lA8c6iVJs4ZhHw+pcmxXlJQXOB6G1oULaak8rmarIeFKI4aTJ7849dEhaO612wgIualZfbxTJwA==
  dependencies:
    "@types/node" "*"

"@types/color-name@^1.1.1":
  version "1.1.1"
  resolved "https://registry.yarnpkg.com/@types/color-name/-/color-name-1.1.1.tgz#1c1261bbeaa10a8055bbc5d8ab84b7b2afc846a0"
  integrity sha512-rr+OQyAjxze7GgWrSaJwydHStIhHq2lvY3BOC2Mj7KnzI7XK0Uw1TOOdI9lDoajEbSWLiYgoo4f1R51erQfhPQ==

"@types/compression@^1.7.0":
  version "1.7.0"
  resolved "https://registry.yarnpkg.com/@types/compression/-/compression-1.7.0.tgz#8dc2a56604873cf0dd4e746d9ae4d31ae77b2390"
  integrity sha512-3LzWUM+3k3XdWOUk/RO+uSjv7YWOatYq2QADJntK1pjkk4DfVP0KrIEPDnXRJxAAGKe0VpIPRmlINLDuCedZWw==
  dependencies:
    "@types/express" "*"

"@types/connect@*", "@types/connect@^3.4.33":
  version "3.4.33"
  resolved "https://registry.yarnpkg.com/@types/connect/-/connect-3.4.33.tgz#31610c901eca573b8713c3330abc6e6b9f588546"
  integrity sha512-2+FrkXY4zllzTNfJth7jOqEHC+enpLeGslEhpnTAkg21GkRrWV4SsAtqchtT4YS9/nODBU2/ZfsBY2X4J/dX7A==
  dependencies:
    "@types/node" "*"

"@types/etag@^1.8.0":
  version "1.8.0"
  resolved "https://registry.yarnpkg.com/@types/etag/-/etag-1.8.0.tgz#37f0b1f3ea46da7ae319bbedb607e375b4c99f7e"
  integrity sha512-EdSN0x+Y0/lBv7YAb8IU4Jgm6DWM+Bqtz7o5qozl96fzaqdqbdfHS5qjdpFeIv7xQ8jSLyjMMNShgYtMajEHyQ==
  dependencies:
    "@types/node" "*"

"@types/express-serve-static-core@*":
  version "4.17.14"
  resolved "https://registry.yarnpkg.com/@types/express-serve-static-core/-/express-serve-static-core-4.17.14.tgz#cabf91debeeb3cb04b798e2cff908864e89b6106"
  integrity sha512-uFTLwu94TfUFMToXNgRZikwPuZdOtDgs3syBtAIr/OXorL1kJqUJT9qCLnRZ5KBOWfZQikQ2xKgR2tnDj1OgDA==
  dependencies:
    "@types/node" "*"
    "@types/qs" "*"
    "@types/range-parser" "*"

"@types/express@*":
  version "4.17.9"
  resolved "https://registry.yarnpkg.com/@types/express/-/express-4.17.9.tgz#f5f2df6add703ff28428add52bdec8a1091b0a78"
  integrity sha512-SDzEIZInC4sivGIFY4Sz1GG6J9UObPwCInYJjko2jzOf/Imx/dlpume6Xxwj1ORL82tBbmN4cPDIDkLbWHk9hw==
  dependencies:
    "@types/body-parser" "*"
    "@types/express-serve-static-core" "*"
    "@types/qs" "*"
    "@types/serve-static" "*"

"@types/file-loader@^4.2.0":
  version "4.2.0"
  resolved "https://registry.yarnpkg.com/@types/file-loader/-/file-loader-4.2.0.tgz#ec8e793e275b7f90cdec3ff286518c6bf7bb8fc3"
  integrity sha512-N3GMqKiKSNd41q4/lZlkdvNXKKWVdOXrA8Rniu64+25X0K2U1mWmTSu1CIqXKKsZUCwfaFcaioviLQtQ+EowLg==
  dependencies:
    "@types/webpack" "*"

"@types/html-minifier@^4.0.0":
  version "4.0.0"
  resolved "https://registry.yarnpkg.com/@types/html-minifier/-/html-minifier-4.0.0.tgz#2065cb9944f2d1b241146707c6935aa7b947d279"
  integrity sha512-eFnGhrKmjWBlnSGNtunetE3UU2Tc/LUl92htFslSSTmpp9EKHQVcYQadCyYfnzUEFB5G/3wLWo/USQS/mEPKrA==
  dependencies:
    "@types/clean-css" "*"
    "@types/relateurl" "*"
    "@types/uglify-js" "*"

"@types/less@^3.0.1":
  version "3.0.1"
  resolved "https://registry.yarnpkg.com/@types/less/-/less-3.0.1.tgz#625694093c72f8356c4042754e222407e50d6b08"
  integrity sha512-dBp05MtWN/w1fGVjj5LVrDw6VrdYllpWczbUkCsrzBj08IHsSyRLOFvUrCFqZFVR+nsqkrRLNg6oOlvqMLPaSA==

"@types/lodash@^4.14.165":
  version "4.14.167"
  resolved "https://registry.yarnpkg.com/@types/lodash/-/lodash-4.14.167.tgz#ce7d78553e3c886d4ea643c37ec7edc20f16765e"
  integrity sha512-w7tQPjARrvdeBkX/Rwg95S592JwxqOjmms3zWQ0XZgSyxSLdzWaYH3vErBhdVS/lRBX7F8aBYcYJYTr5TMGOzw==

"@types/memory-fs@*":
  version "0.3.2"
  resolved "https://registry.yarnpkg.com/@types/memory-fs/-/memory-fs-0.3.2.tgz#5d4753f9b390cb077c8c8af97bc96463399ceccd"
  integrity sha512-j5AcZo7dbMxHoOimcHEIh0JZe5e1b8q8AqGSpZJrYc7xOgCIP79cIjTdx5jSDLtySnQDwkDTqwlC7Xw7uXw7qg==
  dependencies:
    "@types/node" "*"

"@types/mime@*":
  version "2.0.3"
  resolved "https://registry.yarnpkg.com/@types/mime/-/mime-2.0.3.tgz#c893b73721db73699943bfc3653b1deb7faa4a3a"
  integrity sha512-Jus9s4CDbqwocc5pOAnh8ShfrnMcPHuJYzVcSUU7lrh8Ni5HuIqX3oilL86p3dlTrk0LzHRCgA/GQ7uNCw6l2Q==

"@types/node-sass@^4.11.1":
  version "4.11.1"
  resolved "https://registry.yarnpkg.com/@types/node-sass/-/node-sass-4.11.1.tgz#bda27c5181cbf7c090c3058e119633dfb2b6504c"
  integrity sha512-wPOmOEEtbwQiPTIgzUuRSQZ3H5YHinsxRGeZzPSDefAm4ylXWnZG9C0adses8ymyplKK0gwv3JkDNO8GGxnWfg==
  dependencies:
    "@types/node" "*"

"@types/node@*", "@types/node@^14.14.10":
  version "14.14.19"
  resolved "https://registry.yarnpkg.com/@types/node/-/node-14.14.19.tgz#5135176a8330b88ece4e9ab1fdcfc0a545b4bab4"
  integrity sha512-4nhBPStMK04rruRVtVc6cDqhu7S9GZai0fpXgPXrFpcPX6Xul8xnrjSdGB4KPBVYG/R5+fXWdCM8qBoiULWGPQ==

"@types/node@^12.19.8":
  version "12.19.8"
  resolved "https://registry.yarnpkg.com/@types/node/-/node-12.19.8.tgz#efd6d1a90525519fc608c9db16c8a78f7693a978"
  integrity sha512-D4k2kNi0URNBxIRCb1khTnkWNHv8KSL1owPmS/K5e5t8B2GzMReY7AsJIY1BnP5KdlgC4rj9jk2IkDMasIE7xg==

"@types/optimize-css-assets-webpack-plugin@^5.0.1":
  version "5.0.1"
  resolved "https://registry.yarnpkg.com/@types/optimize-css-assets-webpack-plugin/-/optimize-css-assets-webpack-plugin-5.0.1.tgz#1f437ef9ef937b393687a8819be2d2fddc03b069"
  integrity sha512-qyi5xmSl+DTmLFtVtelhso3VnNQYxltfgMa+Ed02xqNZCZBD0uYR6i64FmcwfieDzZRdwkJxt9o2JHq/5PBKQg==
  dependencies:
    "@types/webpack" "*"

"@types/prettier@^2.1.5":
  version "2.1.5"
  resolved "https://registry.yarnpkg.com/@types/prettier/-/prettier-2.1.5.tgz#b6ab3bba29e16b821d84e09ecfaded462b816b00"
  integrity sha512-UEyp8LwZ4Dg30kVU2Q3amHHyTn1jEdhCIE59ANed76GaT1Vp76DD3ZWSAxgCrw6wJ0TqeoBpqmfUHiUDPs//HQ==

"@types/pug@^2.0.4":
  version "2.0.4"
  resolved "https://registry.yarnpkg.com/@types/pug/-/pug-2.0.4.tgz#8772fcd0418e3cd2cc171555d73007415051f4b2"
  integrity sha1-h3L80EGOPNLMFxVV1zAHQVBR9LI=

"@types/qs@*":
  version "6.9.5"
  resolved "https://registry.yarnpkg.com/@types/qs/-/qs-6.9.5.tgz#434711bdd49eb5ee69d90c1d67c354a9a8ecb18b"
  integrity sha512-/JHkVHtx/REVG0VVToGRGH2+23hsYLHdyG+GrvoUGlGAd0ErauXDyvHtRI/7H7mzLm+tBCKA7pfcpkQ1lf58iQ==

"@types/range-parser@*":
  version "1.2.3"
  resolved "https://registry.yarnpkg.com/@types/range-parser/-/range-parser-1.2.3.tgz#7ee330ba7caafb98090bece86a5ee44115904c2c"
  integrity sha512-ewFXqrQHlFsgc09MK5jP5iR7vumV/BYayNC6PgJO2LPe8vrnNFyjQjSppfEngITi0qvfKtzFvgKymGheFM9UOA==

"@types/relateurl@*":
  version "0.2.28"
  resolved "https://registry.yarnpkg.com/@types/relateurl/-/relateurl-0.2.28.tgz#6bda7db8653fa62643f5ee69e9f69c11a392e3a6"
  integrity sha1-a9p9uGU/piZD9e5p6facEaOS46Y=

"@types/serve-static@*", "@types/serve-static@^1.13.8":
  version "1.13.8"
  resolved "https://registry.yarnpkg.com/@types/serve-static/-/serve-static-1.13.8.tgz#851129d434433c7082148574ffec263d58309c46"
  integrity sha512-MoJhSQreaVoL+/hurAZzIm8wafFR6ajiTM1m4A0kv6AGeVBl4r4pOV8bGFrjjq1sGxDTnCoF8i22o0/aE5XCyA==
  dependencies:
    "@types/mime" "*"
    "@types/node" "*"

"@types/source-list-map@*":
  version "0.1.2"
  resolved "https://registry.yarnpkg.com/@types/source-list-map/-/source-list-map-0.1.2.tgz#0078836063ffaf17412349bba364087e0ac02ec9"
  integrity sha512-K5K+yml8LTo9bWJI/rECfIPrGgxdpeNbj+d53lwN4QjW1MCwlkhUms+gtdzigTeUyBr09+u8BwOIY3MXvHdcsA==

"@types/tapable@*":
  version "1.0.6"
  resolved "https://registry.yarnpkg.com/@types/tapable/-/tapable-1.0.6.tgz#a9ca4b70a18b270ccb2bc0aaafefd1d486b7ea74"
  integrity sha512-W+bw9ds02rAQaMvaLYxAbJ6cvguW/iJXNT6lTssS1ps6QdrMKttqEAMEG/b5CR8TZl3/L7/lH0ZV5nNR1LXikA==

"@types/terser-webpack-plugin@^2.2.0":
  version "2.2.1"
  resolved "https://registry.yarnpkg.com/@types/terser-webpack-plugin/-/terser-webpack-plugin-2.2.1.tgz#d6687ed29026532764b031209a5d6dc6d44b33f2"
  integrity sha512-Z/6t/7qz4LeO64owJ9x7JQ6X791qfLxp1M1eCp6hFQlj7xuB5+Ol7DpEn5kWClTARZ7GlPLRsEWzFzQjZShF6w==
  dependencies:
    "@types/webpack" "*"
    terser "^4.3.9"

"@types/uglify-js@*":
  version "3.11.1"
  resolved "https://registry.yarnpkg.com/@types/uglify-js/-/uglify-js-3.11.1.tgz#97ff30e61a0aa6876c270b5f538737e2d6ab8ceb"
  integrity sha512-7npvPKV+jINLu1SpSYVWG8KvyJBhBa8tmzMMdDoVc2pWUYHN8KIXlPJhjJ4LT97c4dXJA2SHL/q6ADbDriZN+Q==
  dependencies:
    source-map "^0.6.1"

"@types/webpack-bundle-analyzer@^3.9.0":
  version "3.9.0"
  resolved "https://registry.yarnpkg.com/@types/webpack-bundle-analyzer/-/webpack-bundle-analyzer-3.9.0.tgz#bf2f3fd7f1fe6a71dff8968afeb12785d1ce737b"
  integrity sha512-O4Dsmml4T+emssdk3t6/N1vwtYRx1VfWCx0Oph4jRY62DZGNOL9IAS6mSX0XG1LdZuFSX0g42DXj1otQuPXRGQ==
  dependencies:
    "@types/webpack" "*"

"@types/webpack-dev-middleware@^3.7.2":
  version "3.7.2"
  resolved "https://registry.yarnpkg.com/@types/webpack-dev-middleware/-/webpack-dev-middleware-3.7.2.tgz#31030c7cca7f98d56debfd859bb57f9040f0d3c5"
  integrity sha512-PvETiS//pjVZBK48aJfbxzT7+9LIxanbnk9eXXYUfefGyPdsCkNrMDxRlOVrBvxukXUhD5B6N/pkPMdWrtuFkA==
  dependencies:
    "@types/connect" "*"
    "@types/memory-fs" "*"
    "@types/webpack" "*"
    loglevel "^1.6.2"

"@types/webpack-hot-middleware@^2.25.3":
  version "2.25.3"
  resolved "https://registry.yarnpkg.com/@types/webpack-hot-middleware/-/webpack-hot-middleware-2.25.3.tgz#ba6265ada359cae4f437d8ac08ac5b8c616f7521"
  integrity sha512-zGkTzrwQnhSadIXGYGZLu7tpXQwn4+6y9nGeql+5UeRtW/k54Jp4SnzB0Qw00ednw0ZFoZOvqTFfXSbFXohc5Q==
  dependencies:
    "@types/connect" "*"
    "@types/webpack" "*"

"@types/webpack-sources@*":
  version "2.0.0"
  resolved "https://registry.yarnpkg.com/@types/webpack-sources/-/webpack-sources-2.0.0.tgz#08216ab9be2be2e1499beaebc4d469cec81e82a7"
  integrity sha512-a5kPx98CNFRKQ+wqawroFunvFqv7GHm/3KOI52NY9xWADgc8smu4R6prt4EU/M4QfVjvgBkMqU4fBhw3QfMVkg==
  dependencies:
    "@types/node" "*"
    "@types/source-list-map" "*"
    source-map "^0.7.3"

"@types/webpack@*", "@types/webpack@^4.41.25":
  version "4.41.25"
  resolved "https://registry.yarnpkg.com/@types/webpack/-/webpack-4.41.25.tgz#4d3b5aecc4e44117b376280fbfd2dc36697968c4"
  integrity sha512-cr6kZ+4m9lp86ytQc1jPOJXgINQyz3kLLunZ57jznW+WIAL0JqZbGubQk4GlD42MuQL5JGOABrxdpqqWeovlVQ==
  dependencies:
    "@types/anymatch" "*"
    "@types/node" "*"
    "@types/tapable" "*"
    "@types/uglify-js" "*"
    "@types/webpack-sources" "*"
    source-map "^0.6.0"

ansi-regex@^5.0.0:
  version "5.0.0"
  resolved "https://registry.yarnpkg.com/ansi-regex/-/ansi-regex-5.0.0.tgz#388539f55179bf39339c81af30a654d69f87cb75"
  integrity sha512-bY6fj56OUQ0hU1KjFNDQuJFezqKdrAyFdIevADiqrWHwSlbmBNMHp5ak2f40Pm8JTFyM2mqxkG6ngkHO11f/lg==

ansi-styles@^3.2.1:
  version "3.2.1"
  resolved "https://registry.yarnpkg.com/ansi-styles/-/ansi-styles-3.2.1.tgz#41fbb20243e50b12be0f04b8dedbf07520ce841d"
  integrity sha512-VT0ZI6kZRdTh8YyJw3SMbYm/u+NqfsAxEpWO0Pf9sq8/e94WxxOpPKx9FR1FlyCtOVDNOQ+8ntlqFxiRc+r5qA==
  dependencies:
    color-convert "^1.9.0"

ansi-styles@^4.0.0:
  version "4.3.0"
  resolved "https://registry.yarnpkg.com/ansi-styles/-/ansi-styles-4.3.0.tgz#edd803628ae71c04c85ae7a0906edad34b648937"
  integrity sha512-zbB9rCJAT1rbjiVDb2hqKFHNYLxgtk8NURxZ3IZwD3F6NtxbXZQCnnSi1Lkx+IDohdPlFp222wVALIheZJQSEg==
  dependencies:
    color-convert "^2.0.1"

ansi-styles@^4.1.0:
  version "4.2.1"
  resolved "https://registry.yarnpkg.com/ansi-styles/-/ansi-styles-4.2.1.tgz#90ae75c424d008d2624c5bf29ead3177ebfcf359"
  integrity sha512-9VGjrMsG1vePxcSweQsN20KY/c4zN0h9fLjqAbwbPfahM3t+NL+M9HC8xeXG2I8pX5NoamTGNuomEUFI7fcUjA==
  dependencies:
    "@types/color-name" "^1.1.1"
    color-convert "^2.0.1"

balanced-match@^1.0.0:
  version "1.0.0"
  resolved "https://registry.yarnpkg.com/balanced-match/-/balanced-match-1.0.0.tgz#89b4d199ab2bee49de164ea02b89ce462d71b767"
  integrity sha1-ibTRmasr7kneFk6gK4nORi1xt2c=

brace-expansion@^1.1.7:
  version "1.1.11"
  resolved "https://registry.yarnpkg.com/brace-expansion/-/brace-expansion-1.1.11.tgz#3c7fcbf529d87226f3d2f52b966ff5271eb441dd"
  integrity sha512-iCuPHDFgrHX7H2vEI/5xpz07zSHB00TpugqhmYtVmMO6518mCuRMoOYFldEBl0g187ufozdaHgWKcYFb61qGiA==
  dependencies:
    balanced-match "^1.0.0"
    concat-map "0.0.1"

buffer-from@^1.0.0:
  version "1.1.1"
  resolved "https://registry.yarnpkg.com/buffer-from/-/buffer-from-1.1.1.tgz#32713bc028f75c02fdb710d7c7bcec1f2c6070ef"
  integrity sha512-MQcXEUbCKtEo7bhqEs6560Hyd4XaovZlO/k9V3hjVUF/zwW7KBVdSK4gIt/bzwS9MbR5qob+F5jusZsb0YQK2A==

chalk@^2.4.2:
  version "2.4.2"
  resolved "https://registry.yarnpkg.com/chalk/-/chalk-2.4.2.tgz#cd42541677a54333cf541a49108c1432b44c9424"
  integrity sha512-Mti+f9lpJNcwF4tWV8/OrTTtF1gZi+f8FqlyAdouralcFWFQWF2+NgCHShjkCb+IFBLq9buZwE1xckQU4peSuQ==
  dependencies:
    ansi-styles "^3.2.1"
    escape-string-regexp "^1.0.5"
    supports-color "^5.3.0"

chalk@^4.0.0, chalk@^4.1.0:
  version "4.1.0"
  resolved "https://registry.yarnpkg.com/chalk/-/chalk-4.1.0.tgz#4e14870a618d9e2edd97dd8345fd9d9dc315646a"
  integrity sha512-qwx12AxXe2Q5xQ43Ac//I6v5aXTipYrSESdOgzrN+9XjgEpyjpKuvSGaN4qE93f7TQTlerQQ8S+EQ0EyDoVL1A==
  dependencies:
    ansi-styles "^4.1.0"
    supports-color "^7.1.0"

cliui@^7.0.2:
  version "7.0.4"
  resolved "https://registry.yarnpkg.com/cliui/-/cliui-7.0.4.tgz#a0265ee655476fc807aea9df3df8df7783808b4f"
  integrity sha512-OcRE68cOsVMXp1Yvonl/fzkQOyjLSu/8bhPDfQt0e0/Eb283TKP20Fs2MqoPsr9SwA595rRCA+QMzYc9nBP+JQ==
  dependencies:
    string-width "^4.2.0"
    strip-ansi "^6.0.0"
    wrap-ansi "^7.0.0"

color-convert@^1.9.0:
  version "1.9.3"
  resolved "https://registry.yarnpkg.com/color-convert/-/color-convert-1.9.3.tgz#bb71850690e1f136567de629d2d5471deda4c1e8"
  integrity sha512-QfAUtd+vFdAtFQcC8CCyYt1fYWxSqAiK2cSD6zDB8N3cpsEBAvRxp9zOGg6G/SHHJYAT88/az/IuDGALsNVbGg==
  dependencies:
    color-name "1.1.3"

color-convert@^2.0.1:
  version "2.0.1"
  resolved "https://registry.yarnpkg.com/color-convert/-/color-convert-2.0.1.tgz#72d3a68d598c9bdb3af2ad1e84f21d896abd4de3"
  integrity sha512-RRECPsj7iu/xb5oKYcsFHSppFNnsj/52OVTRKb4zP5onXwVF3zVmmToNcOfGC+CRDpfK/U584fMg38ZHCaElKQ==
  dependencies:
    color-name "~1.1.4"

color-name@1.1.3:
  version "1.1.3"
  resolved "https://registry.yarnpkg.com/color-name/-/color-name-1.1.3.tgz#a7d0558bd89c42f795dd42328f740831ca53bc25"
  integrity sha1-p9BVi9icQveV3UIyj3QIMcpTvCU=

color-name@~1.1.4:
  version "1.1.4"
  resolved "https://registry.yarnpkg.com/color-name/-/color-name-1.1.4.tgz#c2a09a87acbde69543de6f63fa3995c826c536a2"
  integrity sha512-dOy+3AuW3a2wNbZHIuMZpTcgjGuLU/uBL/ubcZF9OXbDo8ff4O8yVp5Bf0efS8uEoYo5q4Fx7dY9OgQGXgAsQA==

commander@^2.20.0:
  version "2.20.3"
  resolved "https://registry.yarnpkg.com/commander/-/commander-2.20.3.tgz#fd485e84c03eb4881c20722ba48035e8531aeb33"
  integrity sha512-GpVkmM8vF2vQUkj2LvZmD35JxeJOLCwJ9cUkugyk2nuhbv3+mJvpLYYt+0+USMxE+oj+ey/lJEnhZw75x/OMcQ==

concat-map@0.0.1:
  version "0.0.1"
  resolved "https://registry.yarnpkg.com/concat-map/-/concat-map-0.0.1.tgz#d8a96bd77fd68df7793a73036a3ba0d5405d477b"
  integrity sha1-2Klr13/Wjfd5OnMDajug1UBdR3s=

copyfiles@^2.4.0:
  version "2.4.1"
  resolved "https://registry.yarnpkg.com/copyfiles/-/copyfiles-2.4.1.tgz#d2dcff60aaad1015f09d0b66e7f0f1c5cd3c5da5"
  integrity sha512-fereAvAvxDrQDOXybk3Qu3dPbOoKoysFMWtkY3mv5BsL8//OSZVL5DCLYqgRfY5cWirgRzlC+WSrxp6Bo3eNZg==
  dependencies:
    glob "^7.0.5"
    minimatch "^3.0.3"
    mkdirp "^1.0.4"
    noms "0.0.0"
    through2 "^2.0.1"
    untildify "^4.0.0"
    yargs "^16.1.0"

core-util-is@~1.0.0:
  version "1.0.2"
  resolved "https://registry.yarnpkg.com/core-util-is/-/core-util-is-1.0.2.tgz#b5fd54220aa2bc5ab57aab7140c940754503c1a7"
  integrity sha1-tf1UIgqivFq1eqtxQMlAdUUDwac=

emoji-regex@^8.0.0:
  version "8.0.0"
  resolved "https://registry.yarnpkg.com/emoji-regex/-/emoji-regex-8.0.0.tgz#e818fd69ce5ccfcb404594f842963bf53164cc37"
  integrity sha512-MSjYzcWNOA0ewAHpz0MxpYFvwg6yjy1NG3xteoqz644VCo/RPgnr1/GGt+ic3iJTzQ8Eu3TdM14SawnVUmGE6A==

escalade@^3.1.1:
  version "3.1.1"
  resolved "https://registry.yarnpkg.com/escalade/-/escalade-3.1.1.tgz#d8cfdc7000965c5a0174b4a82eaa5c0552742e40"
  integrity sha512-k0er2gUkLf8O0zKJiAhmkTnJlTvINGv7ygDNPbeIsX/TJjGJZHuh9B2UxbsaEkmlEo9MfhrSzmhIlhRlI2GXnw==

escape-string-regexp@^1.0.5:
  version "1.0.5"
  resolved "https://registry.yarnpkg.com/escape-string-regexp/-/escape-string-regexp-1.0.5.tgz#1b61c0562190a8dff6ae3bb2cf0200ca130b86d4"
  integrity sha1-G2HAViGQqN/2rjuyzwIAyhMLhtQ=

fs.realpath@^1.0.0:
  version "1.0.0"
  resolved "https://registry.yarnpkg.com/fs.realpath/-/fs.realpath-1.0.0.tgz#1504ad2523158caa40db4a2787cb01411994ea4f"
  integrity sha1-FQStJSMVjKpA20onh8sBQRmU6k8=

get-caller-file@^2.0.5:
  version "2.0.5"
  resolved "https://registry.yarnpkg.com/get-caller-file/-/get-caller-file-2.0.5.tgz#4f94412a82db32f36e3b0b9741f8a97feb031f7e"
  integrity sha512-DyFP3BM/3YHTQOCUL/w0OZHR0lpKeGrxotcHWcqNEdnltqFwXVfhEBQ94eIo34AfQpo0rGki4cyIiftY06h2Fg==

glob@^7.0.5, glob@^7.1.3:
  version "7.1.6"
  resolved "https://registry.yarnpkg.com/glob/-/glob-7.1.6.tgz#141f33b81a7c2492e125594307480c46679278a6"
  integrity sha512-LwaxwyZ72Lk7vZINtNNrywX0ZuLyStrdDtabefZKAY5ZGJhVtgdznluResxNmPitE0SAO+O26sWTHeKSI2wMBA==
  dependencies:
    fs.realpath "^1.0.0"
    inflight "^1.0.4"
    inherits "2"
    minimatch "^3.0.4"
    once "^1.3.0"
    path-is-absolute "^1.0.0"

has-flag@^3.0.0:
  version "3.0.0"
  resolved "https://registry.yarnpkg.com/has-flag/-/has-flag-3.0.0.tgz#b5d454dc2199ae225699f3467e5a07f3b955bafd"
  integrity sha1-tdRU3CGZriJWmfNGfloH87lVuv0=

has-flag@^4.0.0:
  version "4.0.0"
  resolved "https://registry.yarnpkg.com/has-flag/-/has-flag-4.0.0.tgz#944771fd9c81c81265c4d6941860da06bb59479b"
  integrity sha512-EykJT/Q1KjTWctppgIAgfSO0tKVuZUjhgMr17kqTumMl6Afv3EISleU7qZUzoXDFTAHTDC4NOoG/ZxU3EvlMPQ==

inflight@^1.0.4:
  version "1.0.6"
  resolved "https://registry.yarnpkg.com/inflight/-/inflight-1.0.6.tgz#49bd6331d7d02d0c09bc910a1075ba8165b56df9"
  integrity sha1-Sb1jMdfQLQwJvJEKEHW6gWW1bfk=
  dependencies:
    once "^1.3.0"
    wrappy "1"

inherits@2, inherits@^2.0.1, inherits@~2.0.1, inherits@~2.0.3:
  version "2.0.4"
  resolved "https://registry.yarnpkg.com/inherits/-/inherits-2.0.4.tgz#0fa2c64f932917c3433a0ded55363aae37416b7c"
  integrity sha512-k/vGaX4/Yla3WzyMCvTQOXYeIHvqOKtnqBduzTHpzpQZzAskKMhZ2K+EnBiSM9zGSoIFeMpXKxa4dYeZIQqewQ==

is-fullwidth-code-point@^3.0.0:
  version "3.0.0"
  resolved "https://registry.yarnpkg.com/is-fullwidth-code-point/-/is-fullwidth-code-point-3.0.0.tgz#f116f8064fe90b3f7844a38997c0b75051269f1d"
  integrity sha512-zymm5+u+sCsSWyD9qNaejV3DFvhCKclKdizYaJUuHA83RLjb7nSuGnddCHGv0hk+KY7BMAlsWeK4Ueg6EV6XQg==

isarray@0.0.1:
  version "0.0.1"
  resolved "https://registry.yarnpkg.com/isarray/-/isarray-0.0.1.tgz#8a18acfca9a8f4177e09abfc6038939b05d1eedf"
  integrity sha1-ihis/Kmo9Bd+Cav8YDiTmwXR7t8=

isarray@~1.0.0:
  version "1.0.0"
  resolved "https://registry.yarnpkg.com/isarray/-/isarray-1.0.0.tgz#bb935d48582cba168c06834957a54a3e07124f11"
  integrity sha1-u5NdSFgsuhaMBoNJV6VKPgcSTxE=

lodash@^4.17.19, lodash@^4.17.20:
  version "4.17.20"
  resolved "https://registry.yarnpkg.com/lodash/-/lodash-4.17.20.tgz#b44a9b6297bcb698f1c51a3545a2b3b368d59c52"
  integrity sha512-PlhdFcillOINfeV7Ni6oF1TAEayyZBoZ8bcshTHqOYJYlrqzRK5hagpagky5o4HfCzzd1TRkXPMFq6cKk9rGmA==

log-symbols@^4.0.0:
  version "4.0.0"
  resolved "https://registry.yarnpkg.com/log-symbols/-/log-symbols-4.0.0.tgz#69b3cc46d20f448eccdb75ea1fa733d9e821c920"
  integrity sha512-FN8JBzLx6CzeMrB0tg6pqlGU1wCrXW+ZXGH481kfsBqer0hToTIiHdjH4Mq8xJUbvATujKCvaREGWpGUionraA==
  dependencies:
    chalk "^4.0.0"

loglevel@^1.6.2:
  version "1.7.1"
  resolved "https://registry.yarnpkg.com/loglevel/-/loglevel-1.7.1.tgz#005fde2f5e6e47068f935ff28573e125ef72f197"
  integrity sha512-Hesni4s5UkWkwCGJMQGAh71PaLUmKFM60dHvq0zi/vDhhrzuk+4GgNbTXJ12YYQJn6ZKBDNIjYcuQGKudvqrIw==

minimatch@^3.0.3, minimatch@^3.0.4:
  version "3.0.4"
  resolved "https://registry.yarnpkg.com/minimatch/-/minimatch-3.0.4.tgz#5166e286457f03306064be5497e8dbb0c3d32083"
  integrity sha512-yJHVQEhyqPLUTgt9B83PXu6W3rx4MvvHvSUvToogpwoGDOUQ+yDrR0HRot+yOCdCO7u4hX3pWft6kWBBcqh0UA==
  dependencies:
    brace-expansion "^1.1.7"

mkdirp@^1.0.4:
  version "1.0.4"
  resolved "https://registry.yarnpkg.com/mkdirp/-/mkdirp-1.0.4.tgz#3eb5ed62622756d79a5f0e2a221dfebad75c2f7e"
  integrity sha512-vVqVZQyf3WLx2Shd0qJ9xuvqgAyKPLAiqITEtqW0oIUjzo3PePDd6fW9iFz30ef7Ysp/oiWqbhszeGWW2T6Gzw==

noms@0.0.0:
  version "0.0.0"
  resolved "https://registry.yarnpkg.com/noms/-/noms-0.0.0.tgz#da8ebd9f3af9d6760919b27d9cdc8092a7332859"
  integrity sha1-2o69nzr51nYJGbJ9nNyAkqczKFk=
  dependencies:
    inherits "^2.0.1"
    readable-stream "~1.0.31"

once@^1.3.0:
  version "1.4.0"
  resolved "https://registry.yarnpkg.com/once/-/once-1.4.0.tgz#583b1aa775961d4b113ac17d9c50baef9dd76bd1"
  integrity sha1-WDsap3WWHUsROsF9nFC6753Xa9E=
  dependencies:
    wrappy "1"

path-is-absolute@^1.0.0:
  version "1.0.1"
  resolved "https://registry.yarnpkg.com/path-is-absolute/-/path-is-absolute-1.0.1.tgz#174b9268735534ffbc7ace6bf53a5a9e1b5c5f5f"
  integrity sha1-F0uSaHNVNP+8es5r9TpanhtcX18=

postcss@7.x.x:
  version "7.0.35"
  resolved "https://registry.yarnpkg.com/postcss/-/postcss-7.0.35.tgz#d2be00b998f7f211d8a276974079f2e92b970e24"
  integrity sha512-3QT8bBJeX/S5zKTTjTCIjRF3If4avAT6kqxcASlTWEtAFCb9NH0OUxNDfgZSWdP5fJnBYCMEWkIFfWeugjzYMg==
  dependencies:
    chalk "^2.4.2"
    source-map "^0.6.1"
    supports-color "^6.1.0"

prettier@^2.2.0:
  version "2.2.1"
  resolved "https://registry.yarnpkg.com/prettier/-/prettier-2.2.1.tgz#795a1a78dd52f073da0cd42b21f9c91381923ff5"
  integrity sha512-PqyhM2yCjg/oKkFPtTGUojv7gnZAoG80ttl45O6x2Ug/rMJw4wcc9k6aaf2hibP7BGVCCM33gZoGjyvt9mm16Q==

process-nextick-args@~2.0.0:
  version "2.0.1"
  resolved "https://registry.yarnpkg.com/process-nextick-args/-/process-nextick-args-2.0.1.tgz#7820d9b16120cc55ca9ae7792680ae7dba6d7fe2"
  integrity sha512-3ouUOpQhtgrbOa17J7+uxOTpITYWaGP7/AhoR3+A+/1e9skrzelGi/dXzEYyvbxubEF6Wn2ypscTKiKJFFn1ag==

readable-stream@~1.0.31:
  version "1.0.34"
  resolved "https://registry.yarnpkg.com/readable-stream/-/readable-stream-1.0.34.tgz#125820e34bc842d2f2aaafafe4c2916ee32c157c"
  integrity sha1-Elgg40vIQtLyqq+v5MKRbuMsFXw=
  dependencies:
    core-util-is "~1.0.0"
    inherits "~2.0.1"
    isarray "0.0.1"
    string_decoder "~0.10.x"

readable-stream@~2.3.6:
  version "2.3.7"
  resolved "https://registry.yarnpkg.com/readable-stream/-/readable-stream-2.3.7.tgz#1eca1cf711aef814c04f62252a36a62f6cb23b57"
  integrity sha512-Ebho8K4jIbHAxnuxi7o42OrZgF/ZTNcsZj6nRKyUmkhLFq8CHItp/fy6hQZuZmP/n3yZ9VBUbp4zz/mX8hmYPw==
  dependencies:
    core-util-is "~1.0.0"
    inherits "~2.0.3"
    isarray "~1.0.0"
    process-nextick-args "~2.0.0"
    safe-buffer "~5.1.1"
    string_decoder "~1.1.1"
    util-deprecate "~1.0.1"

require-directory@^2.1.1:
  version "2.1.1"
  resolved "https://registry.yarnpkg.com/require-directory/-/require-directory-2.1.1.tgz#8c64ad5fd30dab1c976e2344ffe7f792a6a6df42"
  integrity sha1-jGStX9MNqxyXbiNE/+f3kqam30I=

rimraf@^3.0.2:
  version "3.0.2"
  resolved "https://registry.yarnpkg.com/rimraf/-/rimraf-3.0.2.tgz#f1a5402ba6220ad52cc1282bac1ae3aa49fd061a"
  integrity sha512-JZkJMZkAGFFPP2YqXZXPbMlMBgsxzE8ILs4lMIX/2o0L9UBw9O/Y3o6wFw/i9YLapcUJWwqbi3kdxIPdC62TIA==
  dependencies:
    glob "^7.1.3"

safe-buffer@~5.1.0, safe-buffer@~5.1.1:
  version "5.1.2"
  resolved "https://registry.yarnpkg.com/safe-buffer/-/safe-buffer-5.1.2.tgz#991ec69d296e0313747d59bdfd2b745c35f8828d"
  integrity sha512-Gd2UZBJDkXlY7GbJxfsE8/nvKkUEU1G38c1siN6QP6a9PT9MmHB8GnpscSmMJSoF8LOIrt8ud/wPtojys4G6+g==

source-map-support@~0.5.12:
  version "0.5.19"
  resolved "https://registry.yarnpkg.com/source-map-support/-/source-map-support-0.5.19.tgz#a98b62f86dcaf4f67399648c085291ab9e8fed61"
  integrity sha512-Wonm7zOCIJzBGQdB+thsPar0kYuCIzYvxZwlBa87yi/Mdjv7Tip2cyVbLj5o0cFPN4EVkuTwb3GDDyUx2DGnGw==
  dependencies:
    buffer-from "^1.0.0"
    source-map "^0.6.0"

source-map@^0.6.0, source-map@^0.6.1, source-map@~0.6.1:
  version "0.6.1"
  resolved "https://registry.yarnpkg.com/source-map/-/source-map-0.6.1.tgz#74722af32e9614e9c287a8d0bbde48b5e2f1a263"
  integrity sha512-UjgapumWlbMhkBgzT7Ykc5YXUT46F0iKu8SGXq0bcwP5dz/h0Plj6enJqjz1Zbq2l5WaqYnrVbwWOWMyF3F47g==

source-map@^0.7.3:
  version "0.7.3"
  resolved "https://registry.yarnpkg.com/source-map/-/source-map-0.7.3.tgz#5302f8169031735226544092e64981f751750383"
  integrity sha512-CkCj6giN3S+n9qrYiBTX5gystlENnRW5jZeNLHpe6aue+SrHcG5VYwujhW9s4dY31mEGsxBDrHR6oI69fTXsaQ==

string-width@^4.1.0, string-width@^4.2.0:
  version "4.2.0"
  resolved "https://registry.yarnpkg.com/string-width/-/string-width-4.2.0.tgz#952182c46cc7b2c313d1596e623992bd163b72b5"
  integrity sha512-zUz5JD+tgqtuDjMhwIg5uFVV3dtqZ9yQJlZVfq4I01/K5Paj5UHj7VyrQOJvzawSVlKpObApbfD0Ed6yJc+1eg==
  dependencies:
    emoji-regex "^8.0.0"
    is-fullwidth-code-point "^3.0.0"
    strip-ansi "^6.0.0"

string_decoder@~0.10.x:
  version "0.10.31"
  resolved "https://registry.yarnpkg.com/string_decoder/-/string_decoder-0.10.31.tgz#62e203bc41766c6c28c9fc84301dab1c5310fa94"
  integrity sha1-YuIDvEF2bGwoyfyEMB2rHFMQ+pQ=

string_decoder@~1.1.1:
  version "1.1.1"
  resolved "https://registry.yarnpkg.com/string_decoder/-/string_decoder-1.1.1.tgz#9cf1611ba62685d7030ae9e4ba34149c3af03fc8"
  integrity sha512-n/ShnvDi6FHbbVfviro+WojiFzv+s8MPMHBczVePfUpDJLwoLT0ht1l4YwBCbi8pJAveEEdnkHyPyTP/mzRfwg==
  dependencies:
    safe-buffer "~5.1.0"

strip-ansi@^6.0.0:
  version "6.0.0"
  resolved "https://registry.yarnpkg.com/strip-ansi/-/strip-ansi-6.0.0.tgz#0b1571dd7669ccd4f3e06e14ef1eed26225ae532"
  integrity sha512-AuvKTrTfQNYNIctbR1K/YGTR1756GycPsg7b9bdV9Duqur4gv6aKqHXah67Z8ImS7WEz5QVcOtlfW2rZEugt6w==
  dependencies:
    ansi-regex "^5.0.0"

supports-color@^5.3.0:
  version "5.5.0"
  resolved "https://registry.yarnpkg.com/supports-color/-/supports-color-5.5.0.tgz#e2e69a44ac8772f78a1ec0b35b689df6530efc8f"
  integrity sha512-QjVjwdXIt408MIiAqCX4oUKsgU2EqAGzs2Ppkm4aQYbjm+ZEWEcW4SfFNTr4uMNZma0ey4f5lgLrkB0aX0QMow==
  dependencies:
    has-flag "^3.0.0"

supports-color@^6.1.0:
  version "6.1.0"
  resolved "https://registry.yarnpkg.com/supports-color/-/supports-color-6.1.0.tgz#0764abc69c63d5ac842dd4867e8d025e880df8f3"
  integrity sha512-qe1jfm1Mg7Nq/NSh6XE24gPXROEVsWHxC1LIx//XNlD9iw7YZQGjZNjYN7xGaEG6iKdA8EtNFW6R0gjnVXp+wQ==
  dependencies:
    has-flag "^3.0.0"

supports-color@^7.1.0:
  version "7.1.0"
  resolved "https://registry.yarnpkg.com/supports-color/-/supports-color-7.1.0.tgz#68e32591df73e25ad1c4b49108a2ec507962bfd1"
  integrity sha512-oRSIpR8pxT1Wr2FquTNnGet79b3BWljqOuoW/h4oBhxJ/HUbX5nX6JSruTkvXDCFMwDPvsaTTbvMLKZWSy0R5g==
  dependencies:
    has-flag "^4.0.0"

terser@^4.3.9:
  version "4.8.0"
  resolved "https://registry.yarnpkg.com/terser/-/terser-4.8.0.tgz#63056343d7c70bb29f3af665865a46fe03a0df17"
  integrity sha512-EAPipTNeWsb/3wLPeup1tVPaXfIaU68xMnVdPafIL1TV05OhASArYyIfFvnvJCNrR2NIOvDVNNTFRa+Re2MWyw==
  dependencies:
    commander "^2.20.0"
    source-map "~0.6.1"
    source-map-support "~0.5.12"

through2@^2.0.1:
  version "2.0.5"
  resolved "https://registry.yarnpkg.com/through2/-/through2-2.0.5.tgz#01c1e39eb31d07cb7d03a96a70823260b23132cd"
  integrity sha512-/mrRod8xqpA+IHSLyGCQ2s8SPHiCDEeQJSep1jqLYeEUClOFG2Qsh+4FU6G9VeqpZnGW/Su8LQGc4YKni5rYSQ==
  dependencies:
    readable-stream "~2.3.6"
    xtend "~4.0.1"

to-fast-properties@^2.0.0:
  version "2.0.0"
  resolved "https://registry.yarnpkg.com/to-fast-properties/-/to-fast-properties-2.0.0.tgz#dc5e698cbd079265bc73e0377681a4e4e83f616e"
  integrity sha1-3F5pjL0HkmW8c+A3doGk5Og/YW4=

typescript@^4.1.2:
  version "4.1.3"
  resolved "https://registry.yarnpkg.com/typescript/-/typescript-4.1.3.tgz#519d582bd94cba0cf8934c7d8e8467e473f53bb7"
  integrity sha512-B3ZIOf1IKeH2ixgHhj6la6xdwR9QrLC5d1VKeCSY4tvkqhF2eqd9O7txNlS0PO3GrBAFIdr3L1ndNwteUbZLYg==

untildify@^4.0.0:
  version "4.0.0"
  resolved "https://registry.yarnpkg.com/untildify/-/untildify-4.0.0.tgz#2bc947b953652487e4600949fb091e3ae8cd919b"
  integrity sha512-KK8xQ1mkzZeg9inewmFVDNkg3l5LUhoq9kN6iWYB/CC9YMG8HA+c1Q8HwDe6dEX7kErrEVNVBO3fWsVq5iDgtw==

util-deprecate@~1.0.1:
  version "1.0.2"
  resolved "https://registry.yarnpkg.com/util-deprecate/-/util-deprecate-1.0.2.tgz#450d4dc9fa70de732762fbd2d4a28981419a0ccf"
  integrity sha1-RQ1Nyfpw3nMnYvvS1KKJgUGaDM8=

vue-router@^3.4.9:
  version "3.4.9"
  resolved "https://registry.yarnpkg.com/vue-router/-/vue-router-3.4.9.tgz#c016f42030ae2932f14e4748b39a1d9a0e250e66"
  integrity sha512-CGAKWN44RqXW06oC+u4mPgHLQQi2t6vLD/JbGRDAXm0YpMv0bgpKuU5bBd7AvMgfTz9kXVRIWKHqRwGEb8xFkA==

wrap-ansi@^7.0.0:
  version "7.0.0"
  resolved "https://registry.yarnpkg.com/wrap-ansi/-/wrap-ansi-7.0.0.tgz#67e145cff510a6a6984bdf1152911d69d2eb9e43"
  integrity sha512-YVGIj2kamLSTxw6NsZjoBxfSwsn0ycdesmc4p+Q21c5zPuZ1pl+NfxVdxPtdHvmNVOQ6XSYG4AUtyt/Fi7D16Q==
  dependencies:
    ansi-styles "^4.0.0"
    string-width "^4.1.0"
    strip-ansi "^6.0.0"

wrappy@1:
  version "1.0.2"
  resolved "https://registry.yarnpkg.com/wrappy/-/wrappy-1.0.2.tgz#b5243d8f3ec1aa35f1364605bc0d1036e30ab69f"
  integrity sha1-tSQ9jz7BqjXxNkYFvA0QNuMKtp8=

xtend@~4.0.1:
  version "4.0.2"
  resolved "https://registry.yarnpkg.com/xtend/-/xtend-4.0.2.tgz#bb72779f5fa465186b1f438f674fa347fdb5db54"
  integrity sha512-LKYU1iAXJXUgAXn9URjiu+MWhyUXHsvfp7mcuYm9dSUKK0/CjtrUwFAxD82/mCWbtLsGjFIad0wIsod4zrTAEQ==

y18n@^5.0.5:
  version "5.0.5"
  resolved "https://registry.yarnpkg.com/y18n/-/y18n-5.0.5.tgz#8769ec08d03b1ea2df2500acef561743bbb9ab18"
  integrity sha512-hsRUr4FFrvhhRH12wOdfs38Gy7k2FFzB9qgN9v3aLykRq0dRcdcpz5C9FxdS2NuhOrI/628b/KSTJ3rwHysYSg==

yargs-parser@^20.2.2:
  version "20.2.4"
  resolved "https://registry.yarnpkg.com/yargs-parser/-/yargs-parser-20.2.4.tgz#b42890f14566796f85ae8e3a25290d205f154a54"
  integrity sha512-WOkpgNhPTlE73h4VFAFsOnomJVaovO8VqLDzy5saChRBFQFBoMYirowyW+Q9HB4HFF4Z7VZTiG3iSzJJA29yRA==

yargs@^16.1.0:
  version "16.1.1"
  resolved "https://registry.yarnpkg.com/yargs/-/yargs-16.1.1.tgz#5a4a095bd1ca806b0a50d0c03611d38034d219a1"
  integrity sha512-hAD1RcFP/wfgfxgMVswPE+z3tlPFtxG8/yWUrG2i17sTWGCGqWnxKcLTF4cUKDUK8fzokwsmO9H0TDkRbMHy8w==
  dependencies:
    cliui "^7.0.2"
    escalade "^3.1.1"
    get-caller-file "^2.0.5"
    require-directory "^2.1.1"
    string-width "^4.2.0"
    y18n "^5.0.5"
    yargs-parser "^20.2.2"
